
Microsoft Visual Studio Solution File, Format Version 12.00
# Visual Studio Version 16
VisualStudioVersion = 16.0.31112.23
MinimumVisualStudioVersion = 10.0.40219.1
Project("{FAE04EC0-301F-11D3-BF4B-00C04F79EFBC}") = "DiningPhilosophers", "DiningPhilosophers\DiningPhilosophers.csproj", "{D118E651-315E-4A9F-A070-CE2F72EF2973}"
EndProject
Global
	GlobalSection(SolutionConfigurationPlatforms) = preSolution
		Debug|Any CPU = Debug|Any CPU
		Release|Any CPU = Release|Any CPU
	EndGlobalSection
	GlobalSection(ProjectConfigurationPlatforms) = postSolution
		{D118E651-315E-4A9F-A070-CE2F72EF2973}.Debug|Any CPU.ActiveCfg = Debug|Any CPU
		{D118E651-315E-4A9F-A070-CE2F72EF2973}.Debug|Any CPU.Build.0 = Debug|Any CPU
		{D118E651-315E-4A9F-A070-CE2F72EF2973}.Release|Any CPU.ActiveCfg = Release|Any CPU
		{D118E651-315E-4A9F-A070-CE2F72EF2973}.Release|Any CPU.Build.0 = Release|Any CPU
	EndGlobalSection
	GlobalSection(SolutionProperties) = preSolution
		HideSolutionNode = FALSE
	EndGlobalSection
	GlobalSection(ExtensibilityGlobals) = postSolution
		SolutionGuid = {D56CEA32-130A-453B-B785-344CDA4CA615}
	EndGlobalSection
EndGlobal
